// !$*UTF8*$!
{
	archiveVersion = 1;
	classes = {
	};
	objectVersion = 55;
	objects = {

/* Begin PBXBuildFile section */
		594BDCDA28DA4553005B6408 /* AppDelegate.swift in Sources */ = {isa = PBXBuildFile; fileRef = 594BDCD928DA4553005B6408 /* AppDelegate.swift */; };
		594BDCDC28DA4553005B6408 /* SceneDelegate.swift in Sources */ = {isa = PBXBuildFile; fileRef = 594BDCDB28DA4553005B6408 /* SceneDelegate.swift */; };
		594BDCDE28DA4553005B6408 /* ViewController.swift in Sources */ = {isa = PBXBuildFile; fileRef = 594BDCDD28DA4553005B6408 /* ViewController.swift */; };
		594BDCE128DA4553005B6408 /* Main.storyboard in Resources */ = {isa = PBXBuildFile; fileRef = 594BDCDF28DA4553005B6408 /* Main.storyboard */; };
		594BDCE628DA4554005B6408 /* LaunchScreen.storyboard in Resources */ = {isa = PBXBuildFile; fileRef = 594BDCE428DA4554005B6408 /* LaunchScreen.storyboard */; };
		594BDCF128DA596F005B6408 /* Assets.xcassets in Resources */ = {isa = PBXBuildFile; fileRef = 594BDCF028DA596F005B6408 /* Assets.xcassets */; };
		595A7C3528DB37A0006E16C4 /* LoginVC.swift in Sources */ = {isa = PBXBuildFile; fileRef = 595A7C3428DB37A0006E16C4 /* LoginVC.swift */; };
		595A7C3728DB3C13006E16C4 /* RegisterVC.swift in Sources */ = {isa = PBXBuildFile; fileRef = 595A7C3628DB3C13006E16C4 /* RegisterVC.swift */; };
		5961D6AB28E64FF400CA1FD1 /* RunningViewController.swift in Sources */ = {isa = PBXBuildFile; fileRef = 5961D6AA28E64FF400CA1FD1 /* RunningViewController.swift */; };
		5961D6AE28E65B4400CA1FD1 /* City.swift in Sources */ = {isa = PBXBuildFile; fileRef = 5961D6AD28E65B4400CA1FD1 /* City.swift */; };
		5961D6B028E65B8000CA1FD1 /* RunningPath.swift in Sources */ = {isa = PBXBuildFile; fileRef = 5961D6AF28E65B8000CA1FD1 /* RunningPath.swift */; };
		5961D6B228E65BEE00CA1FD1 /* RunningPathPoint.swift in Sources */ = {isa = PBXBuildFile; fileRef = 5961D6B128E65BEE00CA1FD1 /* RunningPathPoint.swift */; };
		59B2FE5628E4FC03003485C4 /* FitnessPlan.swift in Sources */ = {isa = PBXBuildFile; fileRef = 59B2FE5528E4FC03003485C4 /* FitnessPlan.swift */; };
		59B2FE5828E4FCD3003485C4 /* Exercise.swift in Sources */ = {isa = PBXBuildFile; fileRef = 59B2FE5728E4FCD3003485C4 /* Exercise.swift */; };
		59C00BA928EA27D800635BF8 /* MenuTableViewCell.swift in Sources */ = {isa = PBXBuildFile; fileRef = 59C00BA728EA27D800635BF8 /* MenuTableViewCell.swift */; };
		59C00BAA28EA27D800635BF8 /* MenuTableViewCell.xib in Resources */ = {isa = PBXBuildFile; fileRef = 59C00BA828EA27D800635BF8 /* MenuTableViewCell.xib */; };
		59C00BAC28EA28AA00635BF8 /* MenuItem.swift in Sources */ = {isa = PBXBuildFile; fileRef = 59C00BAB28EA28AA00635BF8 /* MenuItem.swift */; };
		59D8D4E228EA039A008EE5CD /* Region.swift in Sources */ = {isa = PBXBuildFile; fileRef = 59D8D4E128EA039A008EE5CD /* Region.swift */; };
		59D8D4E528EA2041008EE5CD /* MainPageVC.swift in Sources */ = {isa = PBXBuildFile; fileRef = 59D8D4E428EA2041008EE5CD /* MainPageVC.swift */; };
		59E693B728E4B10A008F2D87 /* FitnessPlanCell.swift in Sources */ = {isa = PBXBuildFile; fileRef = 59E693B528E4B10A008F2D87 /* FitnessPlanCell.swift */; };
		59E693B828E4B10A008F2D87 /* FitnessPlanCell.xib in Resources */ = {isa = PBXBuildFile; fileRef = 59E693B628E4B10A008F2D87 /* FitnessPlanCell.xib */; };
		59E693BB28E4B1A0008F2D87 /* FitnessExercisesVC.swift in Sources */ = {isa = PBXBuildFile; fileRef = 59E693BA28E4B1A0008F2D87 /* FitnessExercisesVC.swift */; };
		9FFEA273276E2C1D50197D10 /* Pods_Trajnohu.framework in Frameworks */ = {isa = PBXBuildFile; fileRef = 06F50BB5C2B13DCDB3384F85 /* Pods_Trajnohu.framework */; };
		CA273A2928F8218000F751FE /* FitnessPlanDataModel.xcdatamodeld in Sources */ = {isa = PBXBuildFile; fileRef = CA273A2728F8217F00F751FE /* FitnessPlanDataModel.xcdatamodeld */; };
		CA273A2C28F8233900F751FE /* ExcercisesRequest.swift in Sources */ = {isa = PBXBuildFile; fileRef = CA273A2B28F8233900F751FE /* ExcercisesRequest.swift */; };
		CABC88E628EB2C3300EC56E9 /* MotivationViewController.swift in Sources */ = {isa = PBXBuildFile; fileRef = CABC88E528EB2C3300EC56E9 /* MotivationViewController.swift */; };
		CABC88E828EB2EA000EC56E9 /* Motivation.swift in Sources */ = {isa = PBXBuildFile; fileRef = CABC88E728EB2EA000EC56E9 /* Motivation.swift */; };
/* End PBXBuildFile section */

/* Begin PBXFileReference section */
		06F50BB5C2B13DCDB3384F85 /* Pods_Trajnohu.framework */ = {isa = PBXFileReference; explicitFileType = wrapper.framework; includeInIndex = 0; path = Pods_Trajnohu.framework; sourceTree = BUILT_PRODUCTS_DIR; };
		54AC37FEA8AD18E7E277A5BF /* Pods-Trajnohu.release.xcconfig */ = {isa = PBXFileReference; includeInIndex = 1; lastKnownFileType = text.xcconfig; name = "Pods-Trajnohu.release.xcconfig"; path = "Target Support Files/Pods-Trajnohu/Pods-Trajnohu.release.xcconfig"; sourceTree = "<group>"; };
		594BDCD628DA4553005B6408 /* Trajnohu.app */ = {isa = PBXFileReference; explicitFileType = wrapper.application; includeInIndex = 0; path = Trajnohu.app; sourceTree = BUILT_PRODUCTS_DIR; };
		594BDCD928DA4553005B6408 /* AppDelegate.swift */ = {isa = PBXFileReference; lastKnownFileType = sourcecode.swift; path = AppDelegate.swift; sourceTree = "<group>"; };
		594BDCDB28DA4553005B6408 /* SceneDelegate.swift */ = {isa = PBXFileReference; lastKnownFileType = sourcecode.swift; path = SceneDelegate.swift; sourceTree = "<group>"; };
		594BDCDD28DA4553005B6408 /* ViewController.swift */ = {isa = PBXFileReference; lastKnownFileType = sourcecode.swift; path = ViewController.swift; sourceTree = "<group>"; };
		594BDCE028DA4553005B6408 /* Base */ = {isa = PBXFileReference; lastKnownFileType = file.storyboard; name = Base; path = Base.lproj/Main.storyboard; sourceTree = "<group>"; };
		594BDCE528DA4554005B6408 /* Base */ = {isa = PBXFileReference; lastKnownFileType = file.storyboard; name = Base; path = Base.lproj/LaunchScreen.storyboard; sourceTree = "<group>"; };
		594BDCE728DA4554005B6408 /* Info.plist */ = {isa = PBXFileReference; lastKnownFileType = text.plist.xml; path = Info.plist; sourceTree = "<group>"; };
		594BDCF028DA596F005B6408 /* Assets.xcassets */ = {isa = PBXFileReference; lastKnownFileType = folder.assetcatalog; path = Assets.xcassets; sourceTree = "<group>"; };
		595A7C3428DB37A0006E16C4 /* LoginVC.swift */ = {isa = PBXFileReference; lastKnownFileType = sourcecode.swift; path = LoginVC.swift; sourceTree = "<group>"; };
		595A7C3628DB3C13006E16C4 /* RegisterVC.swift */ = {isa = PBXFileReference; lastKnownFileType = sourcecode.swift; path = RegisterVC.swift; sourceTree = "<group>"; };
		5961D6AA28E64FF400CA1FD1 /* RunningViewController.swift */ = {isa = PBXFileReference; lastKnownFileType = sourcecode.swift; path = RunningViewController.swift; sourceTree = "<group>"; };
		5961D6AD28E65B4400CA1FD1 /* City.swift */ = {isa = PBXFileReference; lastKnownFileType = sourcecode.swift; path = City.swift; sourceTree = "<group>"; };
		5961D6AF28E65B8000CA1FD1 /* RunningPath.swift */ = {isa = PBXFileReference; lastKnownFileType = sourcecode.swift; path = RunningPath.swift; sourceTree = "<group>"; };
		5961D6B128E65BEE00CA1FD1 /* RunningPathPoint.swift */ = {isa = PBXFileReference; lastKnownFileType = sourcecode.swift; path = RunningPathPoint.swift; sourceTree = "<group>"; };
		59B2FE5528E4FC03003485C4 /* FitnessPlan.swift */ = {isa = PBXFileReference; lastKnownFileType = sourcecode.swift; path = FitnessPlan.swift; sourceTree = "<group>"; };
		59B2FE5728E4FCD3003485C4 /* Exercise.swift */ = {isa = PBXFileReference; lastKnownFileType = sourcecode.swift; path = Exercise.swift; sourceTree = "<group>"; };
		59C00BA728EA27D800635BF8 /* MenuTableViewCell.swift */ = {isa = PBXFileReference; lastKnownFileType = sourcecode.swift; path = MenuTableViewCell.swift; sourceTree = "<group>"; };
		59C00BA828EA27D800635BF8 /* MenuTableViewCell.xib */ = {isa = PBXFileReference; lastKnownFileType = file.xib; path = MenuTableViewCell.xib; sourceTree = "<group>"; };
		59C00BAB28EA28AA00635BF8 /* MenuItem.swift */ = {isa = PBXFileReference; lastKnownFileType = sourcecode.swift; path = MenuItem.swift; sourceTree = "<group>"; };
		59D8D4E128EA039A008EE5CD /* Region.swift */ = {isa = PBXFileReference; lastKnownFileType = sourcecode.swift; path = Region.swift; sourceTree = "<group>"; };
		59D8D4E428EA2041008EE5CD /* MainPageVC.swift */ = {isa = PBXFileReference; lastKnownFileType = sourcecode.swift; path = MainPageVC.swift; sourceTree = "<group>"; };
		59E693B528E4B10A008F2D87 /* FitnessPlanCell.swift */ = {isa = PBXFileReference; lastKnownFileType = sourcecode.swift; path = FitnessPlanCell.swift; sourceTree = "<group>"; };
		59E693B628E4B10A008F2D87 /* FitnessPlanCell.xib */ = {isa = PBXFileReference; lastKnownFileType = file.xib; path = FitnessPlanCell.xib; sourceTree = "<group>"; };
		59E693BA28E4B1A0008F2D87 /* FitnessExercisesVC.swift */ = {isa = PBXFileReference; lastKnownFileType = sourcecode.swift; path = FitnessExercisesVC.swift; sourceTree = "<group>"; };
		60AA06759ED8A099D9D3D3C3 /* Pods-Trajnohu.debug.xcconfig */ = {isa = PBXFileReference; includeInIndex = 1; lastKnownFileType = text.xcconfig; name = "Pods-Trajnohu.debug.xcconfig"; path = "Target Support Files/Pods-Trajnohu/Pods-Trajnohu.debug.xcconfig"; sourceTree = "<group>"; };
		CA273A2828F8218000F751FE /* FitnessPlanDataModel.xcdatamodel */ = {isa = PBXFileReference; lastKnownFileType = wrapper.xcdatamodel; path = FitnessPlanDataModel.xcdatamodel; sourceTree = "<group>"; };
		CA273A2B28F8233900F751FE /* ExcercisesRequest.swift */ = {isa = PBXFileReference; lastKnownFileType = sourcecode.swift; path = ExcercisesRequest.swift; sourceTree = "<group>"; };
		CABC88E528EB2C3300EC56E9 /* MotivationViewController.swift */ = {isa = PBXFileReference; lastKnownFileType = sourcecode.swift; path = MotivationViewController.swift; sourceTree = "<group>"; };
		CABC88E728EB2EA000EC56E9 /* Motivation.swift */ = {isa = PBXFileReference; lastKnownFileType = sourcecode.swift; path = Motivation.swift; sourceTree = "<group>"; };
/* End PBXFileReference section */

/* Begin PBXFrameworksBuildPhase section */
		594BDCD328DA4553005B6408 /* Frameworks */ = {
			isa = PBXFrameworksBuildPhase;
			buildActionMask = 2147483647;
			files = (
				9FFEA273276E2C1D50197D10 /* Pods_Trajnohu.framework in Frameworks */,
			);
			runOnlyForDeploymentPostprocessing = 0;
		};
/* End PBXFrameworksBuildPhase section */

/* Begin PBXGroup section */
		594BDCCD28DA4553005B6408 = {
			isa = PBXGroup;
			children = (
				594BDCD828DA4553005B6408 /* Trajnohu */,
				594BDCD728DA4553005B6408 /* Products */,
				D0B3AEF897FA8D7C891AEC3E /* Pods */,
				D4303799268A9FBCC489C4A9 /* Frameworks */,
			);
			sourceTree = "<group>";
		};
		594BDCD728DA4553005B6408 /* Products */ = {
			isa = PBXGroup;
			children = (
				594BDCD628DA4553005B6408 /* Trajnohu.app */,
			);
			name = Products;
			sourceTree = "<group>";
		};
		594BDCD828DA4553005B6408 /* Trajnohu */ = {
			isa = PBXGroup;
			children = (
				CA273A2A28F8232200F751FE /* NetworkLayer */,
				594BDCEF28DA4712005B6408 /* Model */,
				594BDCEE28DA470C005B6408 /* View */,
				594BDCED28DA4705005B6408 /* Controller */,
				594BDCD928DA4553005B6408 /* AppDelegate.swift */,
				594BDCDB28DA4553005B6408 /* SceneDelegate.swift */,
				594BDCE428DA4554005B6408 /* LaunchScreen.storyboard */,
				594BDCE728DA4554005B6408 /* Info.plist */,
				594BDCF028DA596F005B6408 /* Assets.xcassets */,
				CA273A2728F8217F00F751FE /* FitnessPlanDataModel.xcdatamodeld */,
			);
			path = Trajnohu;
			sourceTree = "<group>";
		};
		594BDCED28DA4705005B6408 /* Controller */ = {
			isa = PBXGroup;
			children = (
				CABC88E428EB272700EC56E9 /* HomeTraining */,
				59D8D4E328EA2015008EE5CD /* MainPage */,
				5961D6A928E64FC000CA1FD1 /* Runnning */,
				59E693B928E4B116008F2D87 /* FitnessTraining */,
				596E141828DCD3A100E75D76 /* Register */,
				594BDCDD28DA4553005B6408 /* ViewController.swift */,
				595A7C3428DB37A0006E16C4 /* LoginVC.swift */,
			);
			path = Controller;
			sourceTree = "<group>";
		};
		594BDCEE28DA470C005B6408 /* View */ = {
			isa = PBXGroup;
			children = (
				59C00BA428EA276D00635BF8 /* MenuTableCell */,
				59E693B428E4B0D5008F2D87 /* FitnessPlansCell */,
				594BDCDF28DA4553005B6408 /* Main.storyboard */,
			);
			path = View;
			sourceTree = "<group>";
		};
		594BDCEF28DA4712005B6408 /* Model */ = {
			isa = PBXGroup;
			children = (
				5961D6B328E65C4600CA1FD1 /* FitnessTraining */,
				5961D6AC28E65B3100CA1FD1 /* Running */,
				59C00BAB28EA28AA00635BF8 /* MenuItem.swift */,
				CABC88E728EB2EA000EC56E9 /* Motivation.swift */,
			);
			path = Model;
			sourceTree = "<group>";
		};
		5961D6A928E64FC000CA1FD1 /* Runnning */ = {
			isa = PBXGroup;
			children = (
				5961D6AA28E64FF400CA1FD1 /* RunningViewController.swift */,
			);
			path = Runnning;
			sourceTree = "<group>";
		};
		5961D6AC28E65B3100CA1FD1 /* Running */ = {
			isa = PBXGroup;
			children = (
				5961D6AD28E65B4400CA1FD1 /* City.swift */,
				5961D6AF28E65B8000CA1FD1 /* RunningPath.swift */,
				5961D6B128E65BEE00CA1FD1 /* RunningPathPoint.swift */,
				59D8D4E128EA039A008EE5CD /* Region.swift */,
			);
			path = Running;
			sourceTree = "<group>";
		};
		5961D6B328E65C4600CA1FD1 /* FitnessTraining */ = {
			isa = PBXGroup;
			children = (
				59B2FE5528E4FC03003485C4 /* FitnessPlan.swift */,
				59B2FE5728E4FCD3003485C4 /* Exercise.swift */,
			);
			path = FitnessTraining;
			sourceTree = "<group>";
		};
		596E141828DCD3A100E75D76 /* Register */ = {
			isa = PBXGroup;
			children = (
				595A7C3628DB3C13006E16C4 /* RegisterVC.swift */,
			);
			path = Register;
			sourceTree = "<group>";
		};
		59C00BA428EA276D00635BF8 /* MenuTableCell */ = {
			isa = PBXGroup;
			children = (
				59C00BA728EA27D800635BF8 /* MenuTableViewCell.swift */,
				59C00BA828EA27D800635BF8 /* MenuTableViewCell.xib */,
			);
			path = MenuTableCell;
			sourceTree = "<group>";
		};
		59D8D4E328EA2015008EE5CD /* MainPage */ = {
			isa = PBXGroup;
			children = (
				59D8D4E428EA2041008EE5CD /* MainPageVC.swift */,
			);
			path = MainPage;
			sourceTree = "<group>";
		};
		59E693B428E4B0D5008F2D87 /* FitnessPlansCell */ = {
			isa = PBXGroup;
			children = (
				59E693B528E4B10A008F2D87 /* FitnessPlanCell.swift */,
				59E693B628E4B10A008F2D87 /* FitnessPlanCell.xib */,
			);
			path = FitnessPlansCell;
			sourceTree = "<group>";
		};
		59E693B928E4B116008F2D87 /* FitnessTraining */ = {
			isa = PBXGroup;
			children = (
				59E693BA28E4B1A0008F2D87 /* FitnessExercisesVC.swift */,
			);
			path = FitnessTraining;
			sourceTree = "<group>";
		};
		CA273A2A28F8232200F751FE /* NetworkLayer */ = {
			isa = PBXGroup;
			children = (
				CA273A2B28F8233900F751FE /* ExcercisesRequest.swift */,
			);
			path = NetworkLayer;
			sourceTree = "<group>";
		};
		CABC88E428EB272700EC56E9 /* HomeTraining */ = {
			isa = PBXGroup;
			children = (
				CABC88E528EB2C3300EC56E9 /* MotivationViewController.swift */,
			);
			path = HomeTraining;
			sourceTree = "<group>";
		};
		D0B3AEF897FA8D7C891AEC3E /* Pods */ = {
			isa = PBXGroup;
			children = (
				60AA06759ED8A099D9D3D3C3 /* Pods-Trajnohu.debug.xcconfig */,
				54AC37FEA8AD18E7E277A5BF /* Pods-Trajnohu.release.xcconfig */,
			);
			path = Pods;
			sourceTree = "<group>";
		};
		D4303799268A9FBCC489C4A9 /* Frameworks */ = {
			isa = PBXGroup;
			children = (
				06F50BB5C2B13DCDB3384F85 /* Pods_Trajnohu.framework */,
			);
			name = Frameworks;
			sourceTree = "<group>";
		};
/* End PBXGroup section */

/* Begin PBXNativeTarget section */
		594BDCD528DA4553005B6408 /* Trajnohu */ = {
			isa = PBXNativeTarget;
			buildConfigurationList = 594BDCEA28DA4554005B6408 /* Build configuration list for PBXNativeTarget "Trajnohu" */;
			buildPhases = (
				FA769981D537CBD3F8E81FCD /* [CP] Check Pods Manifest.lock */,
				594BDCD228DA4553005B6408 /* Sources */,
				594BDCD328DA4553005B6408 /* Frameworks */,
				594BDCD428DA4553005B6408 /* Resources */,
				DD7C465642D02CFD25160A12 /* [CP] Embed Pods Frameworks */,
			);
			buildRules = (
			);
			dependencies = (
			);
			name = Trajnohu;
			productName = Trajnohu;
			productReference = 594BDCD628DA4553005B6408 /* Trajnohu.app */;
			productType = "com.apple.product-type.application";
		};
/* End PBXNativeTarget section */

/* Begin PBXProject section */
		594BDCCE28DA4553005B6408 /* Project object */ = {
			isa = PBXProject;
			attributes = {
				BuildIndependentTargetsInParallel = 1;
				LastSwiftUpdateCheck = 1400;
				LastUpgradeCheck = 1400;
				TargetAttributes = {
					594BDCD528DA4553005B6408 = {
						CreatedOnToolsVersion = 13.0;
					};
				};
			};
			buildConfigurationList = 594BDCD128DA4553005B6408 /* Build configuration list for PBXProject "Trajnohu" */;
			compatibilityVersion = "Xcode 13.0";
			developmentRegion = en;
			hasScannedForEncodings = 0;
			knownRegions = (
				en,
				Base,
			);
			mainGroup = 594BDCCD28DA4553005B6408;
			productRefGroup = 594BDCD728DA4553005B6408 /* Products */;
			projectDirPath = "";
			projectRoot = "";
			targets = (
				594BDCD528DA4553005B6408 /* Trajnohu */,
			);
		};
/* End PBXProject section */

/* Begin PBXResourcesBuildPhase section */
		594BDCD428DA4553005B6408 /* Resources */ = {
			isa = PBXResourcesBuildPhase;
			buildActionMask = 2147483647;
			files = (
				594BDCE628DA4554005B6408 /* LaunchScreen.storyboard in Resources */,
				594BDCF128DA596F005B6408 /* Assets.xcassets in Resources */,
				594BDCE128DA4553005B6408 /* Main.storyboard in Resources */,
				59C00BAA28EA27D800635BF8 /* MenuTableViewCell.xib in Resources */,
				59E693B828E4B10A008F2D87 /* FitnessPlanCell.xib in Resources */,
			);
			runOnlyForDeploymentPostprocessing = 0;
		};
/* End PBXResourcesBuildPhase section */

/* Begin PBXShellScriptBuildPhase section */
		DD7C465642D02CFD25160A12 /* [CP] Embed Pods Frameworks */ = {
			isa = PBXShellScriptBuildPhase;
			buildActionMask = 2147483647;
			files = (
			);
			inputFileListPaths = (
				"${PODS_ROOT}/Target Support Files/Pods-Trajnohu/Pods-Trajnohu-frameworks-${CONFIGURATION}-input-files.xcfilelist",
			);
			name = "[CP] Embed Pods Frameworks";
			outputFileListPaths = (
				"${PODS_ROOT}/Target Support Files/Pods-Trajnohu/Pods-Trajnohu-frameworks-${CONFIGURATION}-output-files.xcfilelist",
			);
			runOnlyForDeploymentPostprocessing = 0;
			shellPath = /bin/sh;
			shellScript = "\"${PODS_ROOT}/Target Support Files/Pods-Trajnohu/Pods-Trajnohu-frameworks.sh\"\n";
			showEnvVarsInLog = 0;
		};
		FA769981D537CBD3F8E81FCD /* [CP] Check Pods Manifest.lock */ = {
			isa = PBXShellScriptBuildPhase;
			buildActionMask = 2147483647;
			files = (
			);
			inputFileListPaths = (
			);
			inputPaths = (
				"${PODS_PODFILE_DIR_PATH}/Podfile.lock",
				"${PODS_ROOT}/Manifest.lock",
			);
			name = "[CP] Check Pods Manifest.lock";
			outputFileListPaths = (
			);
			outputPaths = (
				"$(DERIVED_FILE_DIR)/Pods-Trajnohu-checkManifestLockResult.txt",
			);
			runOnlyForDeploymentPostprocessing = 0;
			shellPath = /bin/sh;
			shellScript = "diff \"${PODS_PODFILE_DIR_PATH}/Podfile.lock\" \"${PODS_ROOT}/Manifest.lock\" > /dev/null\nif [ $? != 0 ] ; then\n    # print error to STDERR\n    echo \"error: The sandbox is not in sync with the Podfile.lock. Run 'pod install' or update your CocoaPods installation.\" >&2\n    exit 1\nfi\n# This output is used by Xcode 'outputs' to avoid re-running this script phase.\necho \"SUCCESS\" > \"${SCRIPT_OUTPUT_FILE_0}\"\n";
			showEnvVarsInLog = 0;
		};
/* End PBXShellScriptBuildPhase section */

/* Begin PBXSourcesBuildPhase section */
		594BDCD228DA4553005B6408 /* Sources */ = {
			isa = PBXSourcesBuildPhase;
			buildActionMask = 2147483647;
			files = (
				59C00BAC28EA28AA00635BF8 /* MenuItem.swift in Sources */,
				594BDCDE28DA4553005B6408 /* ViewController.swift in Sources */,
				59E693BB28E4B1A0008F2D87 /* FitnessExercisesVC.swift in Sources */,
				594BDCDA28DA4553005B6408 /* AppDelegate.swift in Sources */,
				CABC88E628EB2C3300EC56E9 /* MotivationViewController.swift in Sources */,
				59B2FE5628E4FC03003485C4 /* FitnessPlan.swift in Sources */,
				595A7C3528DB37A0006E16C4 /* LoginVC.swift in Sources */,
				59E693B728E4B10A008F2D87 /* FitnessPlanCell.swift in Sources */,
				CA273A2C28F8233900F751FE /* ExcercisesRequest.swift in Sources */,
				59D8D4E528EA2041008EE5CD /* MainPageVC.swift in Sources */,
				5961D6AB28E64FF400CA1FD1 /* RunningViewController.swift in Sources */,
				5961D6AE28E65B4400CA1FD1 /* City.swift in Sources */,
				594BDCDC28DA4553005B6408 /* SceneDelegate.swift in Sources */,
				CABC88E828EB2EA000EC56E9 /* Motivation.swift in Sources */,
				59C00BA928EA27D800635BF8 /* MenuTableViewCell.swift in Sources */,
				595A7C3728DB3C13006E16C4 /* RegisterVC.swift in Sources */,
				5961D6B028E65B8000CA1FD1 /* RunningPath.swift in Sources */,
				59D8D4E228EA039A008EE5CD /* Region.swift in Sources */,
				CA273A2928F8218000F751FE /* FitnessPlanDataModel.xcdatamodeld in Sources */,
				5961D6B228E65BEE00CA1FD1 /* RunningPathPoint.swift in Sources */,
				59B2FE5828E4FCD3003485C4 /* Exercise.swift in Sources */,
			);
			runOnlyForDeploymentPostprocessing = 0;
		};
/* End PBXSourcesBuildPhase section */

/* Begin PBXVariantGroup section */
		594BDCDF28DA4553005B6408 /* Main.storyboard */ = {
			isa = PBXVariantGroup;
			children = (
				594BDCE028DA4553005B6408 /* Base */,
			);
			name = Main.storyboard;
			sourceTree = "<group>";
		};
		594BDCE428DA4554005B6408 /* LaunchScreen.storyboard */ = {
			isa = PBXVariantGroup;
			children = (
				594BDCE528DA4554005B6408 /* Base */,
			);
			name = LaunchScreen.storyboard;
			sourceTree = "<group>";
		};
/* End PBXVariantGroup section */

/* Begin XCBuildConfiguration section */
		594BDCE828DA4554005B6408 /* Debug */ = {
			isa = XCBuildConfiguration;
			buildSettings = {
				ALWAYS_SEARCH_USER_PATHS = NO;
				CLANG_ANALYZER_NONNULL = YES;
				CLANG_ANALYZER_NUMBER_OBJECT_CONVERSION = YES_AGGRESSIVE;
				CLANG_CXX_LANGUAGE_STANDARD = "gnu++20";
				CLANG_ENABLE_MODULES = YES;
				CLANG_ENABLE_OBJC_ARC = YES;
				CLANG_ENABLE_OBJC_WEAK = YES;
				CLANG_WARN_BLOCK_CAPTURE_AUTORELEASING = YES;
				CLANG_WARN_BOOL_CONVERSION = YES;
				CLANG_WARN_COMMA = YES;
				CLANG_WARN_CONSTANT_CONVERSION = YES;
				CLANG_WARN_DEPRECATED_OBJC_IMPLEMENTATIONS = YES;
				CLANG_WARN_DIRECT_OBJC_ISA_USAGE = YES_ERROR;
				CLANG_WARN_DOCUMENTATION_COMMENTS = YES;
				CLANG_WARN_EMPTY_BODY = YES;
				CLANG_WARN_ENUM_CONVERSION = YES;
				CLANG_WARN_INFINITE_RECURSION = YES;
				CLANG_WARN_INT_CONVERSION = YES;
				CLANG_WARN_NON_LITERAL_NULL_CONVERSION = YES;
				CLANG_WARN_OBJC_IMPLICIT_RETAIN_SELF = YES;
				CLANG_WARN_OBJC_LITERAL_CONVERSION = YES;
				CLANG_WARN_OBJC_ROOT_CLASS = YES_ERROR;
				CLANG_WARN_QUOTED_INCLUDE_IN_FRAMEWORK_HEADER = YES;
				CLANG_WARN_RANGE_LOOP_ANALYSIS = YES;
				CLANG_WARN_STRICT_PROTOTYPES = YES;
				CLANG_WARN_SUSPICIOUS_MOVE = YES;
				CLANG_WARN_UNGUARDED_AVAILABILITY = YES_AGGRESSIVE;
				CLANG_WARN_UNREACHABLE_CODE = YES;
				CLANG_WARN__DUPLICATE_METHOD_MATCH = YES;
				COPY_PHASE_STRIP = NO;
				DEBUG_INFORMATION_FORMAT = dwarf;
				ENABLE_STRICT_OBJC_MSGSEND = YES;
				ENABLE_TESTABILITY = YES;
				GCC_C_LANGUAGE_STANDARD = gnu11;
				GCC_DYNAMIC_NO_PIC = NO;
				GCC_NO_COMMON_BLOCKS = YES;
				GCC_OPTIMIZATION_LEVEL = 0;
				GCC_PREPROCESSOR_DEFINITIONS = (
					"DEBUG=1",
					"$(inherited)",
				);
				GCC_WARN_64_TO_32_BIT_CONVERSION = YES;
				GCC_WARN_ABOUT_RETURN_TYPE = YES_ERROR;
				GCC_WARN_UNDECLARED_SELECTOR = YES;
				GCC_WARN_UNINITIALIZED_AUTOS = YES_AGGRESSIVE;
				GCC_WARN_UNUSED_FUNCTION = YES;
				GCC_WARN_UNUSED_VARIABLE = YES;
				IPHONEOS_DEPLOYMENT_TARGET = 15.5;
				MTL_ENABLE_DEBUG_INFO = INCLUDE_SOURCE;
				MTL_FAST_MATH = YES;
				ONLY_ACTIVE_ARCH = YES;
				SDKROOT = iphoneos;
				SWIFT_ACTIVE_COMPILATION_CONDITIONS = DEBUG;
				SWIFT_OPTIMIZATION_LEVEL = "-Onone";
			};
			name = Debug;
		};
		594BDCE928DA4554005B6408 /* Release */ = {
			isa = XCBuildConfiguration;
			buildSettings = {
				ALWAYS_SEARCH_USER_PATHS = NO;
				CLANG_ANALYZER_NONNULL = YES;
				CLANG_ANALYZER_NUMBER_OBJECT_CONVERSION = YES_AGGRESSIVE;
				CLANG_CXX_LANGUAGE_STANDARD = "gnu++20";
				CLANG_ENABLE_MODULES = YES;
				CLANG_ENABLE_OBJC_ARC = YES;
				CLANG_ENABLE_OBJC_WEAK = YES;
				CLANG_WARN_BLOCK_CAPTURE_AUTORELEASING = YES;
				CLANG_WARN_BOOL_CONVERSION = YES;
				CLANG_WARN_COMMA = YES;
				CLANG_WARN_CONSTANT_CONVERSION = YES;
				CLANG_WARN_DEPRECATED_OBJC_IMPLEMENTATIONS = YES;
				CLANG_WARN_DIRECT_OBJC_ISA_USAGE = YES_ERROR;
				CLANG_WARN_DOCUMENTATION_COMMENTS = YES;
				CLANG_WARN_EMPTY_BODY = YES;
				CLANG_WARN_ENUM_CONVERSION = YES;
				CLANG_WARN_INFINITE_RECURSION = YES;
				CLANG_WARN_INT_CONVERSION = YES;
				CLANG_WARN_NON_LITERAL_NULL_CONVERSION = YES;
				CLANG_WARN_OBJC_IMPLICIT_RETAIN_SELF = YES;
				CLANG_WARN_OBJC_LITERAL_CONVERSION = YES;
				CLANG_WARN_OBJC_ROOT_CLASS = YES_ERROR;
				CLANG_WARN_QUOTED_INCLUDE_IN_FRAMEWORK_HEADER = YES;
				CLANG_WARN_RANGE_LOOP_ANALYSIS = YES;
				CLANG_WARN_STRICT_PROTOTYPES = YES;
				CLANG_WARN_SUSPICIOUS_MOVE = YES;
				CLANG_WARN_UNGUARDED_AVAILABILITY = YES_AGGRESSIVE;
				CLANG_WARN_UNREACHABLE_CODE = YES;
				CLANG_WARN__DUPLICATE_METHOD_MATCH = YES;
				COPY_PHASE_STRIP = NO;
				DEBUG_INFORMATION_FORMAT = "dwarf-with-dsym";
				ENABLE_NS_ASSERTIONS = NO;
				ENABLE_STRICT_OBJC_MSGSEND = YES;
				GCC_C_LANGUAGE_STANDARD = gnu11;
				GCC_NO_COMMON_BLOCKS = YES;
				GCC_WARN_64_TO_32_BIT_CONVERSION = YES;
				GCC_WARN_ABOUT_RETURN_TYPE = YES_ERROR;
				GCC_WARN_UNDECLARED_SELECTOR = YES;
				GCC_WARN_UNINITIALIZED_AUTOS = YES_AGGRESSIVE;
				GCC_WARN_UNUSED_FUNCTION = YES;
				GCC_WARN_UNUSED_VARIABLE = YES;
				IPHONEOS_DEPLOYMENT_TARGET = 15.5;
				MTL_ENABLE_DEBUG_INFO = NO;
				MTL_FAST_MATH = YES;
				SDKROOT = iphoneos;
				SWIFT_COMPILATION_MODE = wholemodule;
				SWIFT_OPTIMIZATION_LEVEL = "-O";
				VALIDATE_PRODUCT = YES;
			};
			name = Release;
		};
		594BDCEB28DA4554005B6408 /* Debug */ = {
			isa = XCBuildConfiguration;
			baseConfigurationReference = 60AA06759ED8A099D9D3D3C3 /* Pods-Trajnohu.debug.xcconfig */;
			buildSettings = {
				ASSETCATALOG_COMPILER_APPICON_NAME = AppIcon;
				ASSETCATALOG_COMPILER_GLOBAL_ACCENT_COLOR_NAME = AccentColor;
				CODE_SIGN_STYLE = Automatic;
				CURRENT_PROJECT_VERSION = 1;
				GENERATE_INFOPLIST_FILE = YES;
				INFOPLIST_FILE = Trajnohu/Info.plist;
				INFOPLIST_KEY_UIApplicationSupportsIndirectInputEvents = YES;
				INFOPLIST_KEY_UILaunchStoryboardName = LaunchScreen;
				INFOPLIST_KEY_UIMainStoryboardFile = Main;
				INFOPLIST_KEY_UISupportedInterfaceOrientations_iPad = "UIInterfaceOrientationPortrait UIInterfaceOrientationPortraitUpsideDown UIInterfaceOrientationLandscapeLeft UIInterfaceOrientationLandscapeRight";
				INFOPLIST_KEY_UISupportedInterfaceOrientations_iPhone = "UIInterfaceOrientationPortrait UIInterfaceOrientationLandscapeLeft UIInterfaceOrientationLandscapeRight";
				LD_RUNPATH_SEARCH_PATHS = (
					"$(inherited)",
					"@executable_path/Frameworks",
				);
				MARKETING_VERSION = 1.0;
				PRODUCT_BUNDLE_IDENTIFIER = rrz.Trajnohu;
				PRODUCT_NAME = "$(TARGET_NAME)";
				SWIFT_EMIT_LOC_STRINGS = YES;
				SWIFT_VERSION = 5.0;
				TARGETED_DEVICE_FAMILY = "1,2";
			};
			name = Debug;
		};
		594BDCEC28DA4554005B6408 /* Release */ = {
			isa = XCBuildConfiguration;
			baseConfigurationReference = 54AC37FEA8AD18E7E277A5BF /* Pods-Trajnohu.release.xcconfig */;
			buildSettings = {
				ASSETCATALOG_COMPILER_APPICON_NAME = AppIcon;
				ASSETCATALOG_COMPILER_GLOBAL_ACCENT_COLOR_NAME = AccentColor;
				CODE_SIGN_STYLE = Automatic;
				CURRENT_PROJECT_VERSION = 1;
				GENERATE_INFOPLIST_FILE = YES;
				INFOPLIST_FILE = Trajnohu/Info.plist;
				INFOPLIST_KEY_UIApplicationSupportsIndirectInputEvents = YES;
				INFOPLIST_KEY_UILaunchStoryboardName = LaunchScreen;
				INFOPLIST_KEY_UIMainStoryboardFile = Main;
				INFOPLIST_KEY_UISupportedInterfaceOrientations_iPad = "UIInterfaceOrientationPortrait UIInterfaceOrientationPortraitUpsideDown UIInterfaceOrientationLandscapeLeft UIInterfaceOrientationLandscapeRight";
				INFOPLIST_KEY_UISupportedInterfaceOrientations_iPhone = "UIInterfaceOrientationPortrait UIInterfaceOrientationLandscapeLeft UIInterfaceOrientationLandscapeRight";
				LD_RUNPATH_SEARCH_PATHS = (
					"$(inherited)",
					"@executable_path/Frameworks",
				);
				MARKETING_VERSION = 1.0;
				PRODUCT_BUNDLE_IDENTIFIER = rrz.Trajnohu;
				PRODUCT_NAME = "$(TARGET_NAME)";
				SWIFT_EMIT_LOC_STRINGS = YES;
				SWIFT_VERSION = 5.0;
				TARGETED_DEVICE_FAMILY = "1,2";
			};
			name = Release;
		};
/* End XCBuildConfiguration section */

/* Begin XCConfigurationList section */
		594BDCD128DA4553005B6408 /* Build configuration list for PBXProject "Trajnohu" */ = {
			isa = XCConfigurationList;
			buildConfigurations = (
				594BDCE828DA4554005B6408 /* Debug */,
				594BDCE928DA4554005B6408 /* Release */,
			);
			defaultConfigurationIsVisible = 0;
			defaultConfigurationName = Release;
		};
		594BDCEA28DA4554005B6408 /* Build configuration list for PBXNativeTarget "Trajnohu" */ = {
			isa = XCConfigurationList;
			buildConfigurations = (
				594BDCEB28DA4554005B6408 /* Debug */,
				594BDCEC28DA4554005B6408 /* Release */,
			);
			defaultConfigurationIsVisible = 0;
			defaultConfigurationName = Release;
		};
/* End XCConfigurationList section */

/* Begin XCVersionGroup section */
		CA273A2728F8217F00F751FE /* FitnessPlanDataModel.xcdatamodeld */ = {
			isa = XCVersionGroup;
			children = (
				CA273A2828F8218000F751FE /* FitnessPlanDataModel.xcdatamodel */,
			);
			currentVersion = CA273A2828F8218000F751FE /* FitnessPlanDataModel.xcdatamodel */;
			path = FitnessPlanDataModel.xcdatamodeld;
			sourceTree = "<group>";
			versionGroupType = wrapper.xcdatamodel;
		};
/* End XCVersionGroup section */
	};
	rootObject = 594BDCCE28DA4553005B6408 /* Project object */;
}
